<?xml version="1.0" encoding="utf-8"?>
<Project ToolsVersion="4.0" xmlns="http://schemas.microsoft.com/developer/msbuild/2003">
  <ItemGroup>
    <ClCompile Include="BWS Purchase Order.cpp" />
    <ClCompile Include="Config.cpp" />
    <ClCompile Include="AddRecordView.cpp">
      <Filter>View</Filter>
    </ClCompile>
    <ClCompile Include="DeliveryView.cpp">
      <Filter>View</Filter>
    </ClCompile>
    <ClCompile Include="Menu.cpp">
      <Filter>View</Filter>
    </ClCompile>
    <ClCompile Include="PurchaseOrderView.cpp">
      <Filter>View</Filter>
    </ClCompile>
    <ClCompile Include="SearchRecordView.cpp">
      <Filter>View</Filter>
    </ClCompile>
    <ClCompile Include="SortRecordView.cpp">
      <Filter>View</Filter>
    </ClCompile>
    <ClCompile Include="UpdateRecordView.cpp">
      <Filter>View</Filter>
    </ClCompile>
    <ClCompile Include="VendorView.cpp">
      <Filter>View</Filter>
    </ClCompile>
    <ClCompile Include="Administrator.cpp">
      <Filter>Source</Filter>
    </ClCompile>
    <ClCompile Include="Auth.cpp">
      <Filter>Source</Filter>
    </ClCompile>
    <ClCompile Include="Payment.cpp">
      <Filter>Source</Filter>
    </ClCompile>
    <ClCompile Include="Product.cpp">
      <Filter>Source</Filter>
    </ClCompile>
    <ClCompile Include="PurchaseOrder.cpp">
      <Filter>Source</Filter>
    </ClCompile>
    <ClCompile Include="SalesOrderExecutive.cpp">
      <Filter>Source</Filter>
    </ClCompile>
    <ClCompile Include="User.cpp">
      <Filter>Source</Filter>
    </ClCompile>
    <ClCompile Include="Vendor.cpp">
      <Filter>Source</Filter>
    </ClCompile>
    <ClCompile Include="PaymentRepository.cpp">
      <Filter>Repository</Filter>
    </ClCompile>
    <ClCompile Include="ProductRepository.cpp">
      <Filter>Repository</Filter>
    </ClCompile>
    <ClCompile Include="PurchaseOrderRepository.cpp">
      <Filter>Repository</Filter>
    </ClCompile>
    <ClCompile Include="UserRepository.cpp">
      <Filter>Repository</Filter>
    </ClCompile>
    <ClCompile Include="VendorRepository.cpp">
      <Filter>Repository</Filter>
    </ClCompile>
    <ClCompile Include="DeliveryRepository.cpp">
      <Filter>Repository</Filter>
    </ClCompile>
    <ClCompile Include="DataAccess.cpp">
      <Filter>Repository</Filter>
    </ClCompile>
    <ClCompile Include="Delivery.cpp">
      <Filter>Source</Filter>
    </ClCompile>
    <ClCompile Include="Helper.cpp">
      <Filter>Source</Filter>
    </ClCompile>
    <ClCompile Include="Session.cpp">
      <Filter>Source</Filter>
    </ClCompile>
    <ClCompile Include="TextDataReader.cpp">
      <Filter>Source</Filter>
    </ClCompile>
    <ClCompile Include="LoginView.cpp">
      <Filter>View</Filter>
    </ClCompile>
    <ClCompile Include="StockInventoryReportView.cpp">
      <Filter>View</Filter>
    </ClCompile>
    <ClCompile Include="ReportMenuView.cpp">
      <Filter>View</Filter>
    </ClCompile>
    <ClCompile Include="UserReportView.cpp">
      <Filter>View</Filter>
    </ClCompile>
    <ClCompile Include="PurchaseOrderReportView.cpp">
      <Filter>View</Filter>
    </ClCompile>
    <ClCompile Include="UpdatePurchaseOrderView.cpp">
      <Filter>View</Filter>
    </ClCompile>
    <ClCompile Include="UpdateProductView.cpp">
      <Filter>View</Filter>
    </ClCompile>
    <ClCompile Include="VendorProductTable.h">
      <Filter>View\Model</Filter>
    </ClCompile>
  </ItemGroup>
  <ItemGroup>
    <ClInclude Include="Config.h" />
    <ClInclude Include="AddRecordView.h">
      <Filter>View</Filter>
    </ClInclude>
    <ClInclude Include="DeliveryView.h">
      <Filter>View</Filter>
    </ClInclude>
    <ClInclude Include="Menu.h">
      <Filter>View</Filter>
    </ClInclude>
    <ClInclude Include="PurchaseOrderView.h">
      <Filter>View</Filter>
    </ClInclude>
    <ClInclude Include="SearchRecordView.h">
      <Filter>View</Filter>
    </ClInclude>
    <ClInclude Include="SortRecordView.h">
      <Filter>View</Filter>
    </ClInclude>
    <ClInclude Include="UpdateRecordView.h">
      <Filter>View</Filter>
    </ClInclude>
    <ClInclude Include="PurchaseOrderTable.h">
      <Filter>View\Model</Filter>
    </ClInclude>
    <ClInclude Include="VendorTable.h">
      <Filter>View\Model</Filter>
    </ClInclude>
    <ClInclude Include="DeliveryTable.h">
      <Filter>View\Model</Filter>
    </ClInclude>
    <ClInclude Include="VendorView.h">
      <Filter>View</Filter>
    </ClInclude>
    <ClInclude Include="Header.h">
      <Filter>Header</Filter>
    </ClInclude>
    <ClInclude Include="Time.h">
      <Filter>Header</Filter>
    </ClInclude>
    <ClInclude Include="Administrator.h">
      <Filter>Class</Filter>
    </ClInclude>
    <ClInclude Include="Auth.h">
      <Filter>Class</Filter>
    </ClInclude>
    <ClInclude Include="Payment.h">
      <Filter>Class</Filter>
    </ClInclude>
    <ClInclude Include="Product.h">
      <Filter>Class</Filter>
    </ClInclude>
    <ClInclude Include="PurchaseOrder.h">
      <Filter>Class</Filter>
    </ClInclude>
    <ClInclude Include="SalesOrderExecutive.h">
      <Filter>Class</Filter>
    </ClInclude>
    <ClInclude Include="User.h">
      <Filter>Class</Filter>
    </ClInclude>
    <ClInclude Include="Vendor.h">
      <Filter>Class</Filter>
    </ClInclude>
    <ClInclude Include="PriorityClass.h">
      <Filter>Data Structure</Filter>
    </ClInclude>
    <ClInclude Include="PriorityQueue.h">
      <Filter>Data Structure</Filter>
    </ClInclude>
    <ClInclude Include="Stack.h">
      <Filter>Data Structure</Filter>
    </ClInclude>
    <ClInclude Include="Tree.h">
      <Filter>Data Structure</Filter>
    </ClInclude>
    <ClInclude Include="IRepository.h">
      <Filter>Repository</Filter>
    </ClInclude>
    <ClInclude Include="PaymentRepository.h">
      <Filter>Repository</Filter>
    </ClInclude>
    <ClInclude Include="ProductRepository.h">
      <Filter>Repository</Filter>
    </ClInclude>
    <ClInclude Include="PurchaseOrderRepository.h">
      <Filter>Repository</Filter>
    </ClInclude>
    <ClInclude Include="UserRepository.h">
      <Filter>Repository</Filter>
    </ClInclude>
    <ClInclude Include="VendorRepository.h">
      <Filter>Repository</Filter>
    </ClInclude>
    <ClInclude Include="ProductOrderDescription.h">
      <Filter>Class</Filter>
    </ClInclude>
    <ClInclude Include="Header.h" />
    <ClInclude Include="Time.h" />
    <ClInclude Include="DeliveryRepository.h">
      <Filter>Repository</Filter>
    </ClInclude>
    <ClInclude Include="DataAccess.h">
      <Filter>Repository</Filter>
    </ClInclude>
    <ClInclude Include="Delivery.h">
      <Filter>Class</Filter>
    </ClInclude>
    <ClInclude Include="Helper.h">
      <Filter>Class</Filter>
    </ClInclude>
    <ClInclude Include="Session.h">
      <Filter>Class</Filter>
    </ClInclude>
    <ClInclude Include="TextDataReader.h">
      <Filter>Class</Filter>
    </ClInclude>
    <ClInclude Include="LinkedList.h">
      <Filter>Data Structure</Filter>
    </ClInclude>
    <ClInclude Include="LoginView.h">
      <Filter>View</Filter>
    </ClInclude>
    <ClInclude Include="LoginView.h">
      <Filter>View</Filter>
    </ClInclude>
    <ClInclude Include="ReportMenuView.h">
      <Filter>View</Filter>
    </ClInclude>
    <ClInclude Include="StockInventoryReportView.h">
      <Filter>View</Filter>
    </ClInclude>
    <ClInclude Include="UserReportView.h">
      <Filter>View</Filter>
    </ClInclude>
    <ClInclude Include="ProductTable.h">
      <Filter>View\Model</Filter>
    </ClInclude>
    <ClInclude Include="UserTable.h">
      <Filter>View\Model</Filter>
    </ClInclude>
    <ClInclude Include="PurchaseOrderReportView.h">
      <Filter>View</Filter>
    </ClInclude>
    <ClInclude Include="CategoryOrderDescription.h">
      <Filter>Class</Filter>
    </ClInclude>
    <ClInclude Include="UpdatePurchaseOrderView.h">
      <Filter>View</Filter>
    </ClInclude>
    <ClInclude Include="UpdateProductView.h">
      <Filter>View</Filter>
    </ClInclude>
  </ItemGroup>
  <ItemGroup>
    <Text Include="Product.txt">
      <Filter>Data</Filter>
    </Text>
    <Text Include="Payment.txt">
      <Filter>Data</Filter>
    </Text>
    <Text Include="User.txt">
      <Filter>Data</Filter>
    </Text>
    <Text Include="Vendor.txt">
      <Filter>Data</Filter>
    </Text>
    <Text Include="PurchaseOrder.txt">
      <Filter>Data</Filter>
    </Text>
  </ItemGroup>
  <ItemGroup>
    <Filter Include="View">
      <UniqueIdentifier>{f09585ec-18f5-455e-8d95-3c94e0dde5a5}</UniqueIdentifier>
    </Filter>
    <Filter Include="View\Model">
      <UniqueIdentifier>{b909cb94-cf89-4627-b01c-ab8801dc876e}</UniqueIdentifier>
    </Filter>
    <Filter Include="Header">
      <UniqueIdentifier>{c2307b4e-f8c4-466b-a9ae-f3505593b68a}</UniqueIdentifier>
    </Filter>
    <Filter Include="Data">
      <UniqueIdentifier>{764d05be-c15b-455e-8624-04678858ac55}</UniqueIdentifier>
    </Filter>
    <Filter Include="Class">
      <UniqueIdentifier>{6db6c493-b868-48c8-875a-dee4cde17b74}</UniqueIdentifier>
    </Filter>
    <Filter Include="Source">
      <UniqueIdentifier>{b9b980bb-276f-419d-8428-41988bf56137}</UniqueIdentifier>
    </Filter>
    <Filter Include="Data Structure">
      <UniqueIdentifier>{585eb400-37c8-44f9-9622-178e7a4a8deb}</UniqueIdentifier>
    </Filter>
    <Filter Include="Repository">
      <UniqueIdentifier>{74aba1b3-34c4-4566-8a27-1b4e157eab25}</UniqueIdentifier>
    </Filter>
  </ItemGroup>
  <ItemGroup>
    <Text Include="User.txt">
      <Filter>Data</Filter>
    </Text>
    <Text Include="PurchaseOrder.txt">
      <Filter>Data</Filter>
    </Text>
    <Text Include="Product.txt">
      <Filter>Data</Filter>
    </Text>
    <Text Include="Payment.txt">
      <Filter>Data</Filter>
    </Text>
    <Text Include="Vendor.txt">
      <Filter>Data</Filter>
    </Text>
    <Text Include="Delivery.txt">
      <Filter>Data</Filter>
    </Text>
  </ItemGroup>
</Project>