<?xml version="1.0" encoding="utf-8"?>
<Project ToolsVersion="4.0" xmlns="http://schemas.microsoft.com/developer/msbuild/2003">
  <ItemGroup>
    <ClCompile Include="Administrator.cpp" />
    <ClCompile Include="Auth.cpp" />
    <ClCompile Include="BubbleSort.cpp" />
    <ClCompile Include="BWS Purchase Order.cpp" />
    <ClCompile Include="Form.cpp" />
    <ClCompile Include="Helper.cpp" />
    <ClCompile Include="QuickSort.cpp" />
    <ClCompile Include="SalesOrderExecutive.cpp" />
    <ClCompile Include="testcpp.cpp" />
    <ClCompile Include="TextDataReader.cpp" />
    <ClCompile Include="User.cpp" />
    <ClCompile Include="UserRepository.cpp" />
  </ItemGroup>
  <ItemGroup>
    <ClInclude Include="Form.h" />
    <ClInclude Include="PriorityClass.h" />
    <ClInclude Include="Administrator.h" />
    <ClInclude Include="Auth.h" />
    <ClInclude Include="BubbleSort.h" />
    <ClInclude Include="Config.h" />
    <ClInclude Include="LinkedList.h" />
    <ClInclude Include="PriorityQueue.h" />
    <ClInclude Include="Stack.h" />
    <ClInclude Include="UserRepository.h" />
    <ClInclude Include="Helper.h" />
    <ClInclude Include="IRepository.h" />
    <ClInclude Include="SalesOrderExecutive.h" />
    <ClInclude Include="TextDataReader.h" />
    <ClInclude Include="User.h" />
  </ItemGroup>
  <ItemGroup>
    <Text Include="User.txt" />
  </ItemGroup>
</Project>