<?xml version="1.0" encoding="utf-8"?>
<Project ToolsVersion="4.0" xmlns="http://schemas.microsoft.com/developer/msbuild/2003">
  <ItemGroup>
    <ClCompile Include="BWS Purchase Order.cpp" />
    <ClCompile Include="Administrator.cpp">
      <Filter>Model</Filter>
    </ClCompile>
    <ClCompile Include="Auth.cpp">
      <Filter>Model</Filter>
    </ClCompile>
    <ClCompile Include="BubbleSort.cpp">
      <Filter>Algorithm</Filter>
    </ClCompile>
    <ClCompile Include="Helper.cpp">
      <Filter>Model</Filter>
    </ClCompile>
    <ClCompile Include="QuickSort.cpp">
      <Filter>Algorithm</Filter>
    </ClCompile>
    <ClCompile Include="SalesOrderExecutive.cpp">
      <Filter>Model</Filter>
    </ClCompile>
    <ClCompile Include="UserRepository.cpp">
      <Filter>Repository</Filter>
    </ClCompile>
    <ClCompile Include="User.cpp">
      <Filter>Model</Filter>
    </ClCompile>
    <ClCompile Include="TextDataReader.cpp">
      <Filter>Model</Filter>
    </ClCompile>
    <ClCompile Include="Menu.cpp">
      <Filter>View</Filter>
    </ClCompile>
    <ClCompile Include="PurchaseOrder.cpp">
      <Filter>Model</Filter>
    </ClCompile>
    <ClCompile Include="Product.cpp">
      <Filter>Model</Filter>
    </ClCompile>
    <ClCompile Include="AddRecordView.cpp">
      <Filter>View\PurchaseOrder</Filter>
    </ClCompile>
    <ClCompile Include="PurchaseOrderView.cpp">
      <Filter>View\PurchaseOrder</Filter>
    </ClCompile>
    <ClCompile Include="SearchRecordView.cpp">
      <Filter>View\PurchaseOrder</Filter>
    </ClCompile>
    <ClCompile Include="SortRecordView.cpp">
      <Filter>View\PurchaseOrder</Filter>
    </ClCompile>
    <ClCompile Include="UpdateRecordView.cpp">
      <Filter>View\PurchaseOrder</Filter>
    </ClCompile>
    <ClCompile Include="VendorView.cpp">
      <Filter>View\Vendor</Filter>
    </ClCompile>
    <ClCompile Include="DeliveryView.cpp">
      <Filter>View\Delivery</Filter>
    </ClCompile>
    <ClCompile Include="PurchaseOrderRepository.cpp">
      <Filter>Repository</Filter>
    </ClCompile>
    <ClCompile Include="Payment.cpp">
      <Filter>Model</Filter>
    </ClCompile>
    <ClCompile Include="ProductRepository.cpp">
      <Filter>Repository</Filter>
    </ClCompile>
    <ClCompile Include="Config.cpp" />
  </ItemGroup>
  <ItemGroup>
    <ClInclude Include="Config.h" />
    <ClInclude Include="Administrator.h">
      <Filter>Model</Filter>
    </ClInclude>
    <ClInclude Include="Auth.h">
      <Filter>Model</Filter>
    </ClInclude>
    <ClInclude Include="BubbleSort.h">
      <Filter>Algorithm</Filter>
    </ClInclude>
    <ClInclude Include="Menu.h">
      <Filter>View</Filter>
    </ClInclude>
    <ClInclude Include="Helper.h">
      <Filter>Model</Filter>
    </ClInclude>
    <ClInclude Include="IRepository.h">
      <Filter>Repository</Filter>
    </ClInclude>
    <ClInclude Include="LinkedList.h">
      <Filter>Data Structure</Filter>
    </ClInclude>
    <ClInclude Include="PriorityClass.h">
      <Filter>Data Structure</Filter>
    </ClInclude>
    <ClInclude Include="PriorityQueue.h">
      <Filter>Data Structure</Filter>
    </ClInclude>
    <ClInclude Include="SalesOrderExecutive.h">
      <Filter>Model</Filter>
    </ClInclude>
    <ClInclude Include="UserRepository.h">
      <Filter>Repository</Filter>
    </ClInclude>
    <ClInclude Include="User.h">
      <Filter>Model</Filter>
    </ClInclude>
    <ClInclude Include="Stack.h">
      <Filter>Data Structure</Filter>
    </ClInclude>
    <ClInclude Include="TextDataReader.h">
      <Filter>Model</Filter>
    </ClInclude>
    <ClInclude Include="PurchaseOrderTable.h">
      <Filter>View\Component</Filter>
    </ClInclude>
    <ClInclude Include="PurchaseOrder.h">
      <Filter>Model</Filter>
    </ClInclude>
    <ClInclude Include="Product.h">
      <Filter>Model</Filter>
    </ClInclude>
    <ClInclude Include="AddRecordView.h">
      <Filter>View\PurchaseOrder</Filter>
    </ClInclude>
    <ClInclude Include="PurchaseOrderView.h">
      <Filter>View\PurchaseOrder</Filter>
    </ClInclude>
    <ClInclude Include="SearchRecordView.h">
      <Filter>View\PurchaseOrder</Filter>
    </ClInclude>
    <ClInclude Include="SortRecordView.h">
      <Filter>View\PurchaseOrder</Filter>
    </ClInclude>
    <ClInclude Include="UpdateRecordView.h">
      <Filter>View\PurchaseOrder</Filter>
    </ClInclude>
    <ClInclude Include="VendorView.h">
      <Filter>View\Vendor</Filter>
    </ClInclude>
    <ClInclude Include="VendorTable.h">
      <Filter>View\Component</Filter>
    </ClInclude>
    <ClInclude Include="DeliveryView.h">
      <Filter>View\Delivery</Filter>
    </ClInclude>
    <ClInclude Include="DeliveryTable.h">
      <Filter>View\Component</Filter>
    <ClInclude Include="Product.h">
      <Filter>Model</Filter>
    </ClInclude>
    <ClInclude Include="PurchaseOrderRepository.h">
      <Filter>Repository</Filter>
    </ClInclude>
    <ClInclude Include="Payment.h">
      <Filter>Model</Filter>
    </ClInclude>
    <ClInclude Include="ProductOrderDescription.h">
      <Filter>Model</Filter>
    </ClInclude>
    <ClInclude Include="Tree.h">
      <Filter>Data Structure</Filter>
    </ClInclude>
    <ClInclude Include="ProductRepository.h">
      <Filter>Repository</Filter>
    </ClInclude>
  </ItemGroup>
  <ItemGroup>
    <Filter Include="Model">
      <UniqueIdentifier>{7a041ae5-acc1-4ce7-b6d2-2b9b1f1bfc37}</UniqueIdentifier>
    </Filter>
    <Filter Include="Repository">
      <UniqueIdentifier>{b21ae61c-e31f-41a9-94e5-ce2c5b6de3f8}</UniqueIdentifier>
    </Filter>
    <Filter Include="Data Structure">
      <UniqueIdentifier>{9936efef-7753-4898-acaf-e21d49b19d09}</UniqueIdentifier>
    </Filter>
    <Filter Include="Algorithm">
      <UniqueIdentifier>{af0ada89-9ddb-432d-bbd5-cdcfee2f9785}</UniqueIdentifier>
    </Filter>
    <Filter Include="View">
      <UniqueIdentifier>{74768f44-728a-4bd2-a028-ff1735830be1}</UniqueIdentifier>
    </Filter>
    <Filter Include="Data">
      <UniqueIdentifier>{32dfba1e-a6f6-4e96-b7c6-6b07720f38db}</UniqueIdentifier>
    </Filter>
    <Filter Include="View\Component">
      <UniqueIdentifier>{3b68e939-060c-4339-b793-c12aea927248}</UniqueIdentifier>
    </Filter>
    <Filter Include="View\PurchaseOrder">
      <UniqueIdentifier>{4ebd9640-f97e-486e-959c-a897c5e88de3}</UniqueIdentifier>
    </Filter>
    <Filter Include="View\Vendor">
      <UniqueIdentifier>{5732522e-a701-458c-895b-00239cc95955}</UniqueIdentifier>
    </Filter>
    <Filter Include="View\Delivery">
      <UniqueIdentifier>{bd4d7e99-dfb1-460e-be77-b90c2b585b6a}</UniqueIdentifier>
    </Filter>
  </ItemGroup>
  <ItemGroup>
    <Text Include="User.txt">
      <Filter>Data</Filter>
    </Text>
    <Text Include="PurchaseOrder.txt">
      <Filter>Data</Filter>
    </Text>
    <Text Include="Product.txt">
      <Filter>Data</Filter>
    </Text>
  </ItemGroup>
</Project>