
Microsoft Visual Studio Solution File, Format Version 12.00
# Visual Studio Version 16
VisualStudioVersion = 16.0.32428.217
MinimumVisualStudioVersion = 10.0.40219.1
Project("{8BC9CEB8-8B4A-11D0-8D11-00A0C91BC942}") = "BWS Purchase Order", "BWS Purchase Order.vcxproj", "{90DD410B-BF5C-4BD8-9CB9-8B14845F08D3}"
EndProject
Global
	GlobalSection(SolutionConfigurationPlatforms) = preSolution
		Debug|x64 = Debug|x64
		Debug|x86 = Debug|x86
		Release|x64 = Release|x64
		Release|x86 = Release|x86
	EndGlobalSection
	GlobalSection(ProjectConfigurationPlatforms) = postSolution
		{90DD410B-BF5C-4BD8-9CB9-8B14845F08D3}.Debug|x64.ActiveCfg = Debug|x64
		{90DD410B-BF5C-4BD8-9CB9-8B14845F08D3}.Debug|x64.Build.0 = Debug|x64
		{90DD410B-BF5C-4BD8-9CB9-8B14845F08D3}.Debug|x86.ActiveCfg = Debug|Win32
		{90DD410B-BF5C-4BD8-9CB9-8B14845F08D3}.Debug|x86.Build.0 = Debug|Win32
		{90DD410B-BF5C-4BD8-9CB9-8B14845F08D3}.Release|x64.ActiveCfg = Release|x64
		{90DD410B-BF5C-4BD8-9CB9-8B14845F08D3}.Release|x64.Build.0 = Release|x64
		{90DD410B-BF5C-4BD8-9CB9-8B14845F08D3}.Release|x86.ActiveCfg = Release|Win32
		{90DD410B-BF5C-4BD8-9CB9-8B14845F08D3}.Release|x86.Build.0 = Release|Win32
	EndGlobalSection
	GlobalSection(SolutionProperties) = preSolution
		HideSolutionNode = FALSE
	EndGlobalSection
	GlobalSection(ExtensibilityGlobals) = postSolution
		SolutionGuid = {0171EA68-2277-4E37-9C11-02E21677CF9F}
	EndGlobalSection
EndGlobal
